
Microsoft Visual Studio Solution File, Format Version 12.00
# Visual Studio Version 16
VisualStudioVersion = 16.0.29609.76
MinimumVisualStudioVersion = 10.0.40219.1
Project("{FAE04EC0-301F-11D3-BF4B-00C04F79EFBC}") = "BStore", "BStore\BStore.csproj", "{C0A532A7-891C-476F-A503-6FE1F493B250}"
EndProject
Global
	GlobalSection(SolutionConfigurationPlatforms) = preSolution
		Debug|Any CPU = Debug|Any CPU
		Release|Any CPU = Release|Any CPU
	EndGlobalSection
	GlobalSection(ProjectConfigurationPlatforms) = postSolution
		{C0A532A7-891C-476F-A503-6FE1F493B250}.Debug|Any CPU.ActiveCfg = Debug|Any CPU
		{C0A532A7-891C-476F-A503-6FE1F493B250}.Debug|Any CPU.Build.0 = Debug|Any CPU
		{C0A532A7-891C-476F-A503-6FE1F493B250}.Release|Any CPU.ActiveCfg = Release|Any CPU
		{C0A532A7-891C-476F-A503-6FE1F493B250}.Release|Any CPU.Build.0 = Release|Any CPU
	EndGlobalSection
	GlobalSection(SolutionProperties) = preSolution
		HideSolutionNode = FALSE
	EndGlobalSection
	GlobalSection(ExtensibilityGlobals) = postSolution
		SolutionGuid = {3BE04A6C-A516-4A49-A969-FAFA14A12EA4}
	EndGlobalSection
EndGlobal
